<?xml version="1.0" encoding="utf-8"?>
<Project ToolsVersion="4.0" xmlns="http://schemas.microsoft.com/developer/msbuild/2003">
  <ItemGroup>
    <Filter Include="Source Files">
      <UniqueIdentifier>{4FC737F1-C7A5-4376-A066-2A32D752A2FF}</UniqueIdentifier>
      <Extensions>cpp;c;cc;cxx;c++;cppm;ixx;def;odl;idl;hpj;bat;asm;asmx</Extensions>
    </Filter>
    <Filter Include="Header Files">
      <UniqueIdentifier>{93995380-89BD-4b04-88EB-625FBE52EBFB}</UniqueIdentifier>
      <Extensions>h;hh;hpp;hxx;h++;hm;inl;inc;ipp;xsd</Extensions>
    </Filter>
    <Filter Include="Resource Files">
      <UniqueIdentifier>{67DA6AB6-F800-4c08-8B7A-83BB121AAD01}</UniqueIdentifier>
      <Extensions>rc;ico;cur;bmp;dlg;rc2;rct;bin;rgs;gif;jpg;jpeg;jpe;resx;tiff;tif;png;wav;mfcribbon-ms</Extensions>
    </Filter>
    <Filter Include="for Build">
      <UniqueIdentifier>{F1DF9757-14C3-43FA-8525-6665FEDE7BA5}</UniqueIdentifier>
      <Extensions>props</Extensions>
    </Filter>
    <Filter Include="Third Party">
      <UniqueIdentifier>{D8B2D31B-86E4-4388-A329-366837791617}</UniqueIdentifier>
    </Filter>
  </ItemGroup>
  <ItemGroup>
    <None Include="Shaders\IndexedQuad.hlsl">
      <Filter>Resource Files</Filter>
    </None>
    <None Include="Shaders\DebugUi.hlsl"><Filter>Resource Files</Filter></None>
    <None Include="Tools\BuildDebugUiShader.ps1"><Filter>for Build</Filter></None>
    <None Include="External\imgui\LICENSE.txt"><Filter>Third Party</Filter></None>
    <None Include="External\imgui\APOLLO-PROVENANCE.md"><Filter>Third Party</Filter></None>
    <None Include="Tools\BuildIndexedQuadShader.ps1">
      <Filter>for Build</Filter>
    </None>
    <ClCompile Include="Source\Application\Application.cpp">
      <Filter>Source Files</Filter>
    </ClCompile>
    <ClCompile Include="Source\Debug\DebugUi.cpp"><Filter>Source Files</Filter></ClCompile>
    <ClCompile Include="Source\Render\Nvn\NvnDebugUi.cpp"><Filter>Source Files</Filter></ClCompile>
    <ClCompile Include="External\imgui\imgui.cpp"><Filter>Third Party</Filter></ClCompile>
    <ClCompile Include="External\imgui\imgui_draw.cpp"><Filter>Third Party</Filter></ClCompile>
    <ClCompile Include="External\imgui\imgui_tables.cpp"><Filter>Third Party</Filter></ClCompile>
    <ClCompile Include="External\imgui\imgui_widgets.cpp"><Filter>Third Party</Filter></ClCompile>
    <ClCompile Include="External\imgui\imgui_demo.cpp"><Filter>Third Party</Filter></ClCompile>
    <ClCompile Include="External\imgui\backends\imgui_impl_win32.cpp"><Filter>Third Party</Filter></ClCompile>
    <ClCompile Include="External\imgui\backends\imgui_impl_vulkan.cpp"><Filter>Third Party</Filter></ClCompile>
    <ClCompile Include="Source\Core\CoreContracts.cpp">
      <Filter>Source Files</Filter>
    </ClCompile>
    <ClCompile Include="Source\Main.cpp">
      <Filter>Source Files</Filter>
    </ClCompile>
    <ClCompile Include="Source\Platform\Diagnostics.cpp">
      <Filter>Source Files</Filter>
    </ClCompile>
    <ClCompile Include="Source\Render\RenderContracts.cpp">
      <Filter>Source Files</Filter>
    </ClCompile>
    <ClCompile Include="Source\Render\Nvn\NvnContext.cpp">
      <Filter>Source Files</Filter>
    </ClCompile>
    <ClCompile Include="Source\Render\Nvn\NvnIndexedQuad.cpp">
      <Filter>Source Files</Filter>
    </ClCompile>
    <ClCompile Include="Source\Render\Nvn\NvnPresenter.cpp">
      <Filter>Source Files</Filter>
    </ClCompile>
    <ClCompile Include="Source\Platform\Windows\WindowsWindow.cpp">
      <Filter>Source Files</Filter>
    </ClCompile>
    <ClCompile Include="Source\Render\Vulkan\VulkanBootstrap.cpp">
      <Filter>Source Files</Filter>
    </ClCompile>
    <ClCompile Include="Source\Render\Vulkan\VulkanContext.cpp">
      <Filter>Source Files</Filter>
    </ClCompile>
    <ClCompile Include="Source\Render\Vulkan\VulkanPresenter.cpp">
      <Filter>Source Files</Filter>
    </ClCompile>
    <ClCompile Include="Source\Render\Vulkan\VulkanSwapchain.cpp">
      <Filter>Source Files</Filter>
    </ClCompile>
  </ItemGroup>
  <ItemGroup>
    <ClInclude Include="Source\Application\Application.hpp">
      <Filter>Header Files</Filter>
    </ClInclude>
    <ClInclude Include="Source\Debug\DebugUi.hpp"><Filter>Header Files</Filter></ClInclude>
    <ClInclude Include="Source\Render\Nvn\NvnDebugUi.hpp"><Filter>Header Files</Filter></ClInclude>
    <ClInclude Include="External\imgui\imgui.h"><Filter>Third Party</Filter></ClInclude>
    <ClInclude Include="External\imgui\imgui_internal.h"><Filter>Third Party</Filter></ClInclude>
    <ClInclude Include="External\imgui\imconfig.h"><Filter>Third Party</Filter></ClInclude>
    <ClInclude Include="External\imgui\backends\imgui_impl_win32.h"><Filter>Third Party</Filter></ClInclude>
    <ClInclude Include="External\imgui\backends\imgui_impl_vulkan.h"><Filter>Third Party</Filter></ClInclude>
    <ClInclude Include="Source\Core\BuildConfiguration.hpp">
      <Filter>Header Files</Filter>
    </ClInclude>
    <ClInclude Include="Source\Core\Identifier.hpp">
      <Filter>Header Files</Filter>
    </ClInclude>
    <ClInclude Include="Source\Core\Types.hpp">
      <Filter>Header Files</Filter>
    </ClInclude>
    <ClInclude Include="Source\Platform\Diagnostics.hpp">
      <Filter>Header Files</Filter>
    </ClInclude>
    <ClInclude Include="Source\Platform\Platform.hpp">
      <Filter>Header Files</Filter>
    </ClInclude>
    <ClInclude Include="Source\Platform\Windows\WindowsWindow.hpp">
      <Filter>Header Files</Filter>
    </ClInclude>
    <ClInclude Include="Source\Render\RenderDevice.hpp">
      <Filter>Header Files</Filter>
    </ClInclude>
    <ClInclude Include="Source\Render\RenderTypes.hpp">
      <Filter>Header Files</Filter>
    </ClInclude>
    <ClInclude Include="Source\Render\IndexedQuad.hpp">
      <Filter>Header Files</Filter>
    </ClInclude>
    <ClInclude Include="Source\Render\IndexedQuadTexture.hpp">
      <Filter>Header Files</Filter>
    </ClInclude>
    <ClInclude Include="Source\Render\TextureData.hpp">
      <Filter>Header Files</Filter>
    </ClInclude>
    <ClInclude Include="Source\Render\Nvn\NvnContext.hpp">
      <Filter>Header Files</Filter>
    </ClInclude>
    <ClInclude Include="Source\Render\Nvn\NvnIndexedQuad.hpp">
      <Filter>Header Files</Filter>
    </ClInclude>
    <ClInclude Include="Source\Render\Nvn\NvnPresenter.hpp">
      <Filter>Header Files</Filter>
    </ClInclude>
    <ClInclude Include="Source\Render\Vulkan\VulkanBootstrap.hpp">
      <Filter>Header Files</Filter>
    </ClInclude>
    <ClInclude Include="Source\Render\Vulkan\VulkanContext.hpp">
      <Filter>Header Files</Filter>
    </ClInclude>
    <ClInclude Include="Source\Render\Vulkan\VulkanPresenter.hpp">
      <Filter>Header Files</Filter>
    </ClInclude>
    <ClInclude Include="Source\Render\Vulkan\VulkanSwapchain.hpp">
      <Filter>Header Files</Filter>
    </ClInclude>
    <ClInclude Include="Source\World\WorldPosition.hpp">
      <Filter>Header Files</Filter>
    </ClInclude>
  </ItemGroup>
</Project>
